
Microsoft Visual Studio Solution File, Format Version 12.00
# Visual Studio Version 16
VisualStudioVersion = 16.0.31613.86
MinimumVisualStudioVersion = 10.0.40219.1
Project("{8BC9CEB8-8B4A-11D0-8D11-00A0C91BC942}") = "question11-2", "question11-2\question11-2.vcxproj", "{B19E71D6-3014-4EF3-8DB3-8D8352C2284A}"
EndProject
Global
	GlobalSection(SolutionConfigurationPlatforms) = preSolution
		Debug|x64 = Debug|x64
		Debug|x86 = Debug|x86
		Release|x64 = Release|x64
		Release|x86 = Release|x86
	EndGlobalSection
	GlobalSection(ProjectConfigurationPlatforms) = postSolution
		{B19E71D6-3014-4EF3-8DB3-8D8352C2284A}.Debug|x64.ActiveCfg = Debug|x64
		{B19E71D6-3014-4EF3-8DB3-8D8352C2284A}.Debug|x64.Build.0 = Debug|x64
		{B19E71D6-3014-4EF3-8DB3-8D8352C2284A}.Debug|x86.ActiveCfg = Debug|Win32
		{B19E71D6-3014-4EF3-8DB3-8D8352C2284A}.Debug|x86.Build.0 = Debug|Win32
		{B19E71D6-3014-4EF3-8DB3-8D8352C2284A}.Release|x64.ActiveCfg = Release|x64
		{B19E71D6-3014-4EF3-8DB3-8D8352C2284A}.Release|x64.Build.0 = Release|x64
		{B19E71D6-3014-4EF3-8DB3-8D8352C2284A}.Release|x86.ActiveCfg = Release|Win32
		{B19E71D6-3014-4EF3-8DB3-8D8352C2284A}.Release|x86.Build.0 = Release|Win32
	EndGlobalSection
	GlobalSection(SolutionProperties) = preSolution
		HideSolutionNode = FALSE
	EndGlobalSection
	GlobalSection(ExtensibilityGlobals) = postSolution
		SolutionGuid = {8336716C-1F32-4E5D-99AD-276D989372AF}
	EndGlobalSection
EndGlobal
