
Microsoft Visual Studio Solution File, Format Version 12.00
# Visual Studio Version 16
VisualStudioVersion = 16.0.31613.86
MinimumVisualStudioVersion = 10.0.40219.1
Project("{8BC9CEB8-8B4A-11D0-8D11-00A0C91BC942}") = "question3-1", "question3-1\question3-1.vcxproj", "{BFF0ECCD-D7EB-48A1-BB63-AA180C5C3BE1}"
EndProject
Global
	GlobalSection(SolutionConfigurationPlatforms) = preSolution
		Debug|x64 = Debug|x64
		Debug|x86 = Debug|x86
		Release|x64 = Release|x64
		Release|x86 = Release|x86
	EndGlobalSection
	GlobalSection(ProjectConfigurationPlatforms) = postSolution
		{BFF0ECCD-D7EB-48A1-BB63-AA180C5C3BE1}.Debug|x64.ActiveCfg = Debug|x64
		{BFF0ECCD-D7EB-48A1-BB63-AA180C5C3BE1}.Debug|x64.Build.0 = Debug|x64
		{BFF0ECCD-D7EB-48A1-BB63-AA180C5C3BE1}.Debug|x86.ActiveCfg = Debug|Win32
		{BFF0ECCD-D7EB-48A1-BB63-AA180C5C3BE1}.Debug|x86.Build.0 = Debug|Win32
		{BFF0ECCD-D7EB-48A1-BB63-AA180C5C3BE1}.Release|x64.ActiveCfg = Release|x64
		{BFF0ECCD-D7EB-48A1-BB63-AA180C5C3BE1}.Release|x64.Build.0 = Release|x64
		{BFF0ECCD-D7EB-48A1-BB63-AA180C5C3BE1}.Release|x86.ActiveCfg = Release|Win32
		{BFF0ECCD-D7EB-48A1-BB63-AA180C5C3BE1}.Release|x86.Build.0 = Release|Win32
	EndGlobalSection
	GlobalSection(SolutionProperties) = preSolution
		HideSolutionNode = FALSE
	EndGlobalSection
	GlobalSection(ExtensibilityGlobals) = postSolution
		SolutionGuid = {961DF79B-E069-4971-9769-004FBC71578C}
	EndGlobalSection
EndGlobal
